
Microsoft Visual Studio Solution File, Format Version 11.00
# Visual Studio 2010
# SharpDevelop 4.4
Project("{FAE04EC0-301F-11D3-BF4B-00C04F79EFBC}") = "Tread_Test", "Tread_Test\Tread_Test.csproj", "{33691DB4-F7C0-4FFB-B7C1-A5F4C131BF57}"
EndProject
Global
	GlobalSection(SolutionConfigurationPlatforms) = preSolution
		Debug|Any CPU = Debug|Any CPU
		Release|Any CPU = Release|Any CPU
	EndGlobalSection
	GlobalSection(ProjectConfigurationPlatforms) = postSolution
		{33691DB4-F7C0-4FFB-B7C1-A5F4C131BF57}.Debug|Any CPU.Build.0 = Debug|Any CPU
		{33691DB4-F7C0-4FFB-B7C1-A5F4C131BF57}.Debug|Any CPU.ActiveCfg = Debug|Any CPU
		{33691DB4-F7C0-4FFB-B7C1-A5F4C131BF57}.Release|Any CPU.Build.0 = Release|Any CPU
		{33691DB4-F7C0-4FFB-B7C1-A5F4C131BF57}.Release|Any CPU.ActiveCfg = Release|Any CPU
	EndGlobalSection
EndGlobal
