
Microsoft Visual Studio Solution File, Format Version 11.00
# Visual Studio 2010
# SharpDevelop 4.4
Project("{FAE04EC0-301F-11D3-BF4B-00C04F79EFBC}") = "TestGraphicfunc", "TestGraphicfunc\TestGraphicfunc.csproj", "{6C43FB18-6B1F-4474-9A91-BB24E7546B94}"
EndProject
Global
	GlobalSection(SolutionConfigurationPlatforms) = preSolution
		Debug|Any CPU = Debug|Any CPU
		Release|Any CPU = Release|Any CPU
	EndGlobalSection
	GlobalSection(ProjectConfigurationPlatforms) = postSolution
		{6C43FB18-6B1F-4474-9A91-BB24E7546B94}.Debug|Any CPU.Build.0 = Debug|Any CPU
		{6C43FB18-6B1F-4474-9A91-BB24E7546B94}.Debug|Any CPU.ActiveCfg = Debug|Any CPU
		{6C43FB18-6B1F-4474-9A91-BB24E7546B94}.Release|Any CPU.Build.0 = Release|Any CPU
		{6C43FB18-6B1F-4474-9A91-BB24E7546B94}.Release|Any CPU.ActiveCfg = Release|Any CPU
	EndGlobalSection
EndGlobal
